// !$*UTF8*$!
{
	archiveVersion = 1;
	classes = {
	};
	objectVersion = 55;
	objects = {

/* Begin PBXBuildFile section */
		E897AC72283EF8910070EF9C /* AutoTaskApp.swift in Sources */ = {isa = PBXBuildFile; fileRef = E897AC71283EF8910070EF9C /* AutoTaskApp.swift */; };
		E897AC74283EF8910070EF9C /* TasksView.swift in Sources */ = {isa = PBXBuildFile; fileRef = E897AC73283EF8910070EF9C /* TasksView.swift */; };
		E897AC76283EF8940070EF9C /* Assets.xcassets in Resources */ = {isa = PBXBuildFile; fileRef = E897AC75283EF8940070EF9C /* Assets.xcassets */; };
		E897AC79283EF8940070EF9C /* Preview Assets.xcassets in Resources */ = {isa = PBXBuildFile; fileRef = E897AC78283EF8940070EF9C /* Preview Assets.xcassets */; };
		E897AC7B283EF8940070EF9C /* Persistence.swift in Sources */ = {isa = PBXBuildFile; fileRef = E897AC7A283EF8940070EF9C /* Persistence.swift */; };
		E897AC7E283EF8940070EF9C /* AutoTask.xcdatamodeld in Sources */ = {isa = PBXBuildFile; fileRef = E897AC7C283EF8940070EF9C /* AutoTask.xcdatamodeld */; };
		E897AC85283F05910070EF9C /* TaskEntryView.swift in Sources */ = {isa = PBXBuildFile; fileRef = E897AC84283F05910070EF9C /* TaskEntryView.swift */; };
		E897AC87283F0A370070EF9C /* Task.swift in Sources */ = {isa = PBXBuildFile; fileRef = E897AC86283F0A370070EF9C /* Task.swift */; };
		E897AC89283F2EB20070EF9C /* TaskActionsSheet.swift in Sources */ = {isa = PBXBuildFile; fileRef = E897AC88283F2EB20070EF9C /* TaskActionsSheet.swift */; };
		E897AC8B284016E00070EF9C /* TaskSubEntryView.swift in Sources */ = {isa = PBXBuildFile; fileRef = E897AC8A284016E00070EF9C /* TaskSubEntryView.swift */; };
		E8BF1E262845975200F38917 /* BulletListEntryTextField.swift in Sources */ = {isa = PBXBuildFile; fileRef = E8BF1E252845975200F38917 /* BulletListEntryTextField.swift */; };
		E8BF1E282846F33000F38917 /* EditableTextField.swift in Sources */ = {isa = PBXBuildFile; fileRef = E8BF1E272846F33000F38917 /* EditableTextField.swift */; };
		E8E328BF28470F520040602E /* NotificationManager.swift in Sources */ = {isa = PBXBuildFile; fileRef = E8E328BE28470F520040602E /* NotificationManager.swift */; };
		E8E328C1284735D30040602E /* Extensions.swift in Sources */ = {isa = PBXBuildFile; fileRef = E8E328C0284735D30040602E /* Extensions.swift */; };
		E8E328C32848215F0040602E /* TagsView.swift in Sources */ = {isa = PBXBuildFile; fileRef = E8E328C22848215F0040602E /* TagsView.swift */; };
		E8E328C52848400C0040602E /* NewEntryPlaceholderView.swift in Sources */ = {isa = PBXBuildFile; fileRef = E8E328C42848400C0040602E /* NewEntryPlaceholderView.swift */; };
		E8F3CD05284146CD009E4644 /* TaskActionNode.swift in Sources */ = {isa = PBXBuildFile; fileRef = E8F3CD04284146CD009E4644 /* TaskActionNode.swift */; };
		E8F3CD082841F024009E4644 /* TaskActionsSheetNode.swift in Sources */ = {isa = PBXBuildFile; fileRef = E8F3CD072841F024009E4644 /* TaskActionsSheetNode.swift */; };
		E8F3CD0D2841FACB009E4644 /* SettingsView.swift in Sources */ = {isa = PBXBuildFile; fileRef = E8F3CD0C2841FACB009E4644 /* SettingsView.swift */; };
		E8F3CD0F28420247009E4644 /* TaskActionDisplayIcon.swift in Sources */ = {isa = PBXBuildFile; fileRef = E8F3CD0E28420247009E4644 /* TaskActionDisplayIcon.swift */; };
		E8F3CD1128429BBB009E4644 /* SettingsViewModel.swift in Sources */ = {isa = PBXBuildFile; fileRef = E8F3CD1028429BBB009E4644 /* SettingsViewModel.swift */; };
		E8F3CD13284585A2009E4644 /* BulletListEntryView.swift in Sources */ = {isa = PBXBuildFile; fileRef = E8F3CD12284585A2009E4644 /* BulletListEntryView.swift */; };
/* End PBXBuildFile section */

/* Begin PBXFileReference section */
		E897AC6E283EF8910070EF9C /* AutoTask.app */ = {isa = PBXFileReference; explicitFileType = wrapper.application; includeInIndex = 0; path = AutoTask.app; sourceTree = BUILT_PRODUCTS_DIR; };
		E897AC71283EF8910070EF9C /* AutoTaskApp.swift */ = {isa = PBXFileReference; lastKnownFileType = sourcecode.swift; path = AutoTaskApp.swift; sourceTree = "<group>"; };
		E897AC73283EF8910070EF9C /* TasksView.swift */ = {isa = PBXFileReference; lastKnownFileType = sourcecode.swift; path = TasksView.swift; sourceTree = "<group>"; };
		E897AC75283EF8940070EF9C /* Assets.xcassets */ = {isa = PBXFileReference; lastKnownFileType = folder.assetcatalog; path = Assets.xcassets; sourceTree = "<group>"; };
		E897AC78283EF8940070EF9C /* Preview Assets.xcassets */ = {isa = PBXFileReference; lastKnownFileType = folder.assetcatalog; path = "Preview Assets.xcassets"; sourceTree = "<group>"; };
		E897AC7A283EF8940070EF9C /* Persistence.swift */ = {isa = PBXFileReference; lastKnownFileType = sourcecode.swift; path = Persistence.swift; sourceTree = "<group>"; };
		E897AC7D283EF8940070EF9C /* AutoTask.xcdatamodel */ = {isa = PBXFileReference; lastKnownFileType = wrapper.xcdatamodel; path = AutoTask.xcdatamodel; sourceTree = "<group>"; };
		E897AC84283F05910070EF9C /* TaskEntryView.swift */ = {isa = PBXFileReference; lastKnownFileType = sourcecode.swift; path = TaskEntryView.swift; sourceTree = "<group>"; };
		E897AC86283F0A370070EF9C /* Task.swift */ = {isa = PBXFileReference; lastKnownFileType = sourcecode.swift; path = Task.swift; sourceTree = "<group>"; };
		E897AC88283F2EB20070EF9C /* TaskActionsSheet.swift */ = {isa = PBXFileReference; lastKnownFileType = sourcecode.swift; path = TaskActionsSheet.swift; sourceTree = "<group>"; };
		E897AC8A284016E00070EF9C /* TaskSubEntryView.swift */ = {isa = PBXFileReference; lastKnownFileType = sourcecode.swift; path = TaskSubEntryView.swift; sourceTree = "<group>"; };
		E8BF1E252845975200F38917 /* BulletListEntryTextField.swift */ = {isa = PBXFileReference; lastKnownFileType = sourcecode.swift; path = BulletListEntryTextField.swift; sourceTree = "<group>"; };
		E8BF1E272846F33000F38917 /* EditableTextField.swift */ = {isa = PBXFileReference; lastKnownFileType = sourcecode.swift; path = EditableTextField.swift; sourceTree = "<group>"; };
		E8E328BE28470F520040602E /* NotificationManager.swift */ = {isa = PBXFileReference; lastKnownFileType = sourcecode.swift; path = NotificationManager.swift; sourceTree = "<group>"; };
		E8E328C0284735D30040602E /* Extensions.swift */ = {isa = PBXFileReference; lastKnownFileType = sourcecode.swift; path = Extensions.swift; sourceTree = "<group>"; };
		E8E328C22848215F0040602E /* TagsView.swift */ = {isa = PBXFileReference; lastKnownFileType = sourcecode.swift; path = TagsView.swift; sourceTree = "<group>"; };
		E8E328C42848400C0040602E /* NewEntryPlaceholderView.swift */ = {isa = PBXFileReference; lastKnownFileType = sourcecode.swift; path = NewEntryPlaceholderView.swift; sourceTree = "<group>"; };
		E8F3CD04284146CD009E4644 /* TaskActionNode.swift */ = {isa = PBXFileReference; lastKnownFileType = sourcecode.swift; path = TaskActionNode.swift; sourceTree = "<group>"; };
		E8F3CD072841F024009E4644 /* TaskActionsSheetNode.swift */ = {isa = PBXFileReference; lastKnownFileType = sourcecode.swift; path = TaskActionsSheetNode.swift; sourceTree = "<group>"; };
		E8F3CD0C2841FACB009E4644 /* SettingsView.swift */ = {isa = PBXFileReference; lastKnownFileType = sourcecode.swift; path = SettingsView.swift; sourceTree = "<group>"; };
		E8F3CD0E28420247009E4644 /* TaskActionDisplayIcon.swift */ = {isa = PBXFileReference; lastKnownFileType = sourcecode.swift; path = TaskActionDisplayIcon.swift; sourceTree = "<group>"; };
		E8F3CD1028429BBB009E4644 /* SettingsViewModel.swift */ = {isa = PBXFileReference; lastKnownFileType = sourcecode.swift; path = SettingsViewModel.swift; sourceTree = "<group>"; };
		E8F3CD12284585A2009E4644 /* BulletListEntryView.swift */ = {isa = PBXFileReference; lastKnownFileType = sourcecode.swift; path = BulletListEntryView.swift; sourceTree = "<group>"; };
/* End PBXFileReference section */

/* Begin PBXFrameworksBuildPhase section */
		E897AC6B283EF8910070EF9C /* Frameworks */ = {
			isa = PBXFrameworksBuildPhase;
			buildActionMask = 2147483647;
			files = (
			);
			runOnlyForDeploymentPostprocessing = 0;
		};
/* End PBXFrameworksBuildPhase section */

/* Begin PBXGroup section */
		E897AC65283EF8910070EF9C = {
			isa = PBXGroup;
			children = (
				E897AC70283EF8910070EF9C /* AutoTask */,
				E897AC6F283EF8910070EF9C /* Products */,
			);
			sourceTree = "<group>";
		};
		E897AC6F283EF8910070EF9C /* Products */ = {
			isa = PBXGroup;
			children = (
				E897AC6E283EF8910070EF9C /* AutoTask.app */,
			);
			name = Products;
			sourceTree = "<group>";
		};
		E897AC70283EF8910070EF9C /* AutoTask */ = {
			isa = PBXGroup;
			children = (
				E8BF1E242845973600F38917 /* Components */,
				E8F3CD0A2841FA86009E4644 /* Tasks */,
				E8F3CD0B2841FA96009E4644 /* Settings */,
				E8F3CD0628415722009E4644 /* Model */,
				E897AC71283EF8910070EF9C /* AutoTaskApp.swift */,
				E897AC75283EF8940070EF9C /* Assets.xcassets */,
				E897AC7C283EF8940070EF9C /* AutoTask.xcdatamodeld */,
				E897AC77283EF8940070EF9C /* Preview Content */,
				E8E328C0284735D30040602E /* Extensions.swift */,
			);
			path = AutoTask;
			sourceTree = "<group>";
		};
		E897AC77283EF8940070EF9C /* Preview Content */ = {
			isa = PBXGroup;
			children = (
				E897AC78283EF8940070EF9C /* Preview Assets.xcassets */,
			);
			path = "Preview Content";
			sourceTree = "<group>";
		};
		E8BF1E242845973600F38917 /* Components */ = {
			isa = PBXGroup;
			children = (
				E8BF1E252845975200F38917 /* BulletListEntryTextField.swift */,
				E8BF1E272846F33000F38917 /* EditableTextField.swift */,
				E8E328C42848400C0040602E /* NewEntryPlaceholderView.swift */,
			);
			path = Components;
			sourceTree = "<group>";
		};
		E8F3CD0628415722009E4644 /* Model */ = {
			isa = PBXGroup;
			children = (
				E897AC7A283EF8940070EF9C /* Persistence.swift */,
				E897AC86283F0A370070EF9C /* Task.swift */,
				E8F3CD1028429BBB009E4644 /* SettingsViewModel.swift */,
				E8E328BE28470F520040602E /* NotificationManager.swift */,
			);
			path = Model;
			sourceTree = "<group>";
		};
		E8F3CD092841F0B3009E4644 /* TaskActions */ = {
			isa = PBXGroup;
			children = (
				E897AC88283F2EB20070EF9C /* TaskActionsSheet.swift */,
				E8F3CD072841F024009E4644 /* TaskActionsSheetNode.swift */,
				E8F3CD04284146CD009E4644 /* TaskActionNode.swift */,
				E8F3CD0E28420247009E4644 /* TaskActionDisplayIcon.swift */,
			);
			path = TaskActions;
			sourceTree = "<group>";
		};
		E8F3CD0A2841FA86009E4644 /* Tasks */ = {
			isa = PBXGroup;
			children = (
				E897AC73283EF8910070EF9C /* TasksView.swift */,
				E897AC84283F05910070EF9C /* TaskEntryView.swift */,
				E897AC8A284016E00070EF9C /* TaskSubEntryView.swift */,
				E8F3CD092841F0B3009E4644 /* TaskActions */,
				E8F3CD12284585A2009E4644 /* BulletListEntryView.swift */,
				E8E328C22848215F0040602E /* TagsView.swift */,
			);
			path = Tasks;
			sourceTree = "<group>";
		};
		E8F3CD0B2841FA96009E4644 /* Settings */ = {
			isa = PBXGroup;
			children = (
				E8F3CD0C2841FACB009E4644 /* SettingsView.swift */,
			);
			path = Settings;
			sourceTree = "<group>";
		};
/* End PBXGroup section */

/* Begin PBXNativeTarget section */
		E897AC6D283EF8910070EF9C /* AutoTask */ = {
			isa = PBXNativeTarget;
			buildConfigurationList = E897AC81283EF8940070EF9C /* Build configuration list for PBXNativeTarget "AutoTask" */;
			buildPhases = (
				E897AC6A283EF8910070EF9C /* Sources */,
				E897AC6B283EF8910070EF9C /* Frameworks */,
				E897AC6C283EF8910070EF9C /* Resources */,
			);
			buildRules = (
			);
			dependencies = (
			);
			name = AutoTask;
			productName = AutoTask;
			productReference = E897AC6E283EF8910070EF9C /* AutoTask.app */;
			productType = "com.apple.product-type.application";
		};
/* End PBXNativeTarget section */

/* Begin PBXProject section */
		E897AC66283EF8910070EF9C /* Project object */ = {
			isa = PBXProject;
			attributes = {
				BuildIndependentTargetsInParallel = 1;
				LastSwiftUpdateCheck = 1340;
				LastUpgradeCheck = 1340;
				TargetAttributes = {
					E897AC6D283EF8910070EF9C = {
						CreatedOnToolsVersion = 13.4;
					};
				};
			};
			buildConfigurationList = E897AC69283EF8910070EF9C /* Build configuration list for PBXProject "AutoTask" */;
			compatibilityVersion = "Xcode 13.0";
			developmentRegion = en;
			hasScannedForEncodings = 0;
			knownRegions = (
				en,
				Base,
			);
			mainGroup = E897AC65283EF8910070EF9C;
			productRefGroup = E897AC6F283EF8910070EF9C /* Products */;
			projectDirPath = "";
			projectRoot = "";
			targets = (
				E897AC6D283EF8910070EF9C /* AutoTask */,
			);
		};
/* End PBXProject section */

/* Begin PBXResourcesBuildPhase section */
		E897AC6C283EF8910070EF9C /* Resources */ = {
			isa = PBXResourcesBuildPhase;
			buildActionMask = 2147483647;
			files = (
				E897AC79283EF8940070EF9C /* Preview Assets.xcassets in Resources */,
				E897AC76283EF8940070EF9C /* Assets.xcassets in Resources */,
			);
			runOnlyForDeploymentPostprocessing = 0;
		};
/* End PBXResourcesBuildPhase section */

/* Begin PBXSourcesBuildPhase section */
		E897AC6A283EF8910070EF9C /* Sources */ = {
			isa = PBXSourcesBuildPhase;
			buildActionMask = 2147483647;
			files = (
				E897AC7B283EF8940070EF9C /* Persistence.swift in Sources */,
				E8E328C1284735D30040602E /* Extensions.swift in Sources */,
				E8E328BF28470F520040602E /* NotificationManager.swift in Sources */,
				E8BF1E282846F33000F38917 /* EditableTextField.swift in Sources */,
				E8F3CD13284585A2009E4644 /* BulletListEntryView.swift in Sources */,
				E8F3CD05284146CD009E4644 /* TaskActionNode.swift in Sources */,
				E8F3CD0F28420247009E4644 /* TaskActionDisplayIcon.swift in Sources */,
				E897AC89283F2EB20070EF9C /* TaskActionsSheet.swift in Sources */,
				E897AC7E283EF8940070EF9C /* AutoTask.xcdatamodeld in Sources */,
				E897AC74283EF8910070EF9C /* TasksView.swift in Sources */,
				E897AC8B284016E00070EF9C /* TaskSubEntryView.swift in Sources */,
				E8F3CD082841F024009E4644 /* TaskActionsSheetNode.swift in Sources */,
				E8F3CD1128429BBB009E4644 /* SettingsViewModel.swift in Sources */,
				E8E328C32848215F0040602E /* TagsView.swift in Sources */,
				E8E328C52848400C0040602E /* NewEntryPlaceholderView.swift in Sources */,
				E897AC85283F05910070EF9C /* TaskEntryView.swift in Sources */,
				E897AC87283F0A370070EF9C /* Task.swift in Sources */,
				E897AC72283EF8910070EF9C /* AutoTaskApp.swift in Sources */,
				E8F3CD0D2841FACB009E4644 /* SettingsView.swift in Sources */,
				E8BF1E262845975200F38917 /* BulletListEntryTextField.swift in Sources */,
			);
			runOnlyForDeploymentPostprocessing = 0;
		};
/* End PBXSourcesBuildPhase section */

/* Begin XCBuildConfiguration section */
		E897AC7F283EF8940070EF9C /* Debug */ = {
			isa = XCBuildConfiguration;
			buildSettings = {
				ALWAYS_SEARCH_USER_PATHS = NO;
				CLANG_ANALYZER_NONNULL = YES;
				CLANG_ANALYZER_NUMBER_OBJECT_CONVERSION = YES_AGGRESSIVE;
				CLANG_CXX_LANGUAGE_STANDARD = "gnu++17";
				CLANG_ENABLE_MODULES = YES;
				CLANG_ENABLE_OBJC_ARC = YES;
				CLANG_ENABLE_OBJC_WEAK = YES;
				CLANG_WARN_BLOCK_CAPTURE_AUTORELEASING = YES;
				CLANG_WARN_BOOL_CONVERSION = YES;
				CLANG_WARN_COMMA = YES;
				CLANG_WARN_CONSTANT_CONVERSION = YES;
				CLANG_WARN_DEPRECATED_OBJC_IMPLEMENTATIONS = YES;
				CLANG_WARN_DIRECT_OBJC_ISA_USAGE = YES_ERROR;
				CLANG_WARN_DOCUMENTATION_COMMENTS = YES;
				CLANG_WARN_EMPTY_BODY = YES;
				CLANG_WARN_ENUM_CONVERSION = YES;
				CLANG_WARN_INFINITE_RECURSION = YES;
				CLANG_WARN_INT_CONVERSION = YES;
				CLANG_WARN_NON_LITERAL_NULL_CONVERSION = YES;
				CLANG_WARN_OBJC_IMPLICIT_RETAIN_SELF = YES;
				CLANG_WARN_OBJC_LITERAL_CONVERSION = YES;
				CLANG_WARN_OBJC_ROOT_CLASS = YES_ERROR;
				CLANG_WARN_QUOTED_INCLUDE_IN_FRAMEWORK_HEADER = YES;
				CLANG_WARN_RANGE_LOOP_ANALYSIS = YES;
				CLANG_WARN_STRICT_PROTOTYPES = YES;
				CLANG_WARN_SUSPICIOUS_MOVE = YES;
				CLANG_WARN_UNGUARDED_AVAILABILITY = YES_AGGRESSIVE;
				CLANG_WARN_UNREACHABLE_CODE = YES;
				CLANG_WARN__DUPLICATE_METHOD_MATCH = YES;
				COPY_PHASE_STRIP = NO;
				DEBUG_INFORMATION_FORMAT = dwarf;
				ENABLE_STRICT_OBJC_MSGSEND = YES;
				ENABLE_TESTABILITY = YES;
				GCC_C_LANGUAGE_STANDARD = gnu11;
				GCC_DYNAMIC_NO_PIC = NO;
				GCC_NO_COMMON_BLOCKS = YES;
				GCC_OPTIMIZATION_LEVEL = 0;
				GCC_PREPROCESSOR_DEFINITIONS = (
					"DEBUG=1",
					"$(inherited)",
				);
				GCC_WARN_64_TO_32_BIT_CONVERSION = YES;
				GCC_WARN_ABOUT_RETURN_TYPE = YES_ERROR;
				GCC_WARN_UNDECLARED_SELECTOR = YES;
				GCC_WARN_UNINITIALIZED_AUTOS = YES_AGGRESSIVE;
				GCC_WARN_UNUSED_FUNCTION = YES;
				GCC_WARN_UNUSED_VARIABLE = YES;
				IPHONEOS_DEPLOYMENT_TARGET = 15.5;
				MTL_ENABLE_DEBUG_INFO = INCLUDE_SOURCE;
				MTL_FAST_MATH = YES;
				ONLY_ACTIVE_ARCH = YES;
				SDKROOT = iphoneos;
				SWIFT_ACTIVE_COMPILATION_CONDITIONS = DEBUG;
				SWIFT_OPTIMIZATION_LEVEL = "-Onone";
			};
			name = Debug;
		};
		E897AC80283EF8940070EF9C /* Release */ = {
			isa = XCBuildConfiguration;
			buildSettings = {
				ALWAYS_SEARCH_USER_PATHS = NO;
				CLANG_ANALYZER_NONNULL = YES;
				CLANG_ANALYZER_NUMBER_OBJECT_CONVERSION = YES_AGGRESSIVE;
				CLANG_CXX_LANGUAGE_STANDARD = "gnu++17";
				CLANG_ENABLE_MODULES = YES;
				CLANG_ENABLE_OBJC_ARC = YES;
				CLANG_ENABLE_OBJC_WEAK = YES;
				CLANG_WARN_BLOCK_CAPTURE_AUTORELEASING = YES;
				CLANG_WARN_BOOL_CONVERSION = YES;
				CLANG_WARN_COMMA = YES;
				CLANG_WARN_CONSTANT_CONVERSION = YES;
				CLANG_WARN_DEPRECATED_OBJC_IMPLEMENTATIONS = YES;
				CLANG_WARN_DIRECT_OBJC_ISA_USAGE = YES_ERROR;
				CLANG_WARN_DOCUMENTATION_COMMENTS = YES;
				CLANG_WARN_EMPTY_BODY = YES;
				CLANG_WARN_ENUM_CONVERSION = YES;
				CLANG_WARN_INFINITE_RECURSION = YES;
				CLANG_WARN_INT_CONVERSION = YES;
				CLANG_WARN_NON_LITERAL_NULL_CONVERSION = YES;
				CLANG_WARN_OBJC_IMPLICIT_RETAIN_SELF = YES;
				CLANG_WARN_OBJC_LITERAL_CONVERSION = YES;
				CLANG_WARN_OBJC_ROOT_CLASS = YES_ERROR;
				CLANG_WARN_QUOTED_INCLUDE_IN_FRAMEWORK_HEADER = YES;
				CLANG_WARN_RANGE_LOOP_ANALYSIS = YES;
				CLANG_WARN_STRICT_PROTOTYPES = YES;
				CLANG_WARN_SUSPICIOUS_MOVE = YES;
				CLANG_WARN_UNGUARDED_AVAILABILITY = YES_AGGRESSIVE;
				CLANG_WARN_UNREACHABLE_CODE = YES;
				CLANG_WARN__DUPLICATE_METHOD_MATCH = YES;
				COPY_PHASE_STRIP = NO;
				DEBUG_INFORMATION_FORMAT = "dwarf-with-dsym";
				ENABLE_NS_ASSERTIONS = NO;
				ENABLE_STRICT_OBJC_MSGSEND = YES;
				GCC_C_LANGUAGE_STANDARD = gnu11;
				GCC_NO_COMMON_BLOCKS = YES;
				GCC_WARN_64_TO_32_BIT_CONVERSION = YES;
				GCC_WARN_ABOUT_RETURN_TYPE = YES_ERROR;
				GCC_WARN_UNDECLARED_SELECTOR = YES;
				GCC_WARN_UNINITIALIZED_AUTOS = YES_AGGRESSIVE;
				GCC_WARN_UNUSED_FUNCTION = YES;
				GCC_WARN_UNUSED_VARIABLE = YES;
				IPHONEOS_DEPLOYMENT_TARGET = 15.5;
				MTL_ENABLE_DEBUG_INFO = NO;
				MTL_FAST_MATH = YES;
				SDKROOT = iphoneos;
				SWIFT_COMPILATION_MODE = wholemodule;
				SWIFT_OPTIMIZATION_LEVEL = "-O";
				VALIDATE_PRODUCT = YES;
			};
			name = Release;
		};
		E897AC82283EF8940070EF9C /* Debug */ = {
			isa = XCBuildConfiguration;
			buildSettings = {
				ASSETCATALOG_COMPILER_APPICON_NAME = AppIcon;
				ASSETCATALOG_COMPILER_GLOBAL_ACCENT_COLOR_NAME = AccentColor;
				CODE_SIGN_STYLE = Automatic;
				CURRENT_PROJECT_VERSION = 1;
				DEVELOPMENT_ASSET_PATHS = "\"AutoTask/Preview Content\"";
				DEVELOPMENT_TEAM = 2XN7A3Y7GG;
				ENABLE_PREVIEWS = YES;
				GENERATE_INFOPLIST_FILE = YES;
				INFOPLIST_KEY_UIApplicationSceneManifest_Generation = YES;
				INFOPLIST_KEY_UIApplicationSupportsIndirectInputEvents = YES;
				INFOPLIST_KEY_UILaunchScreen_Generation = YES;
				INFOPLIST_KEY_UISupportedInterfaceOrientations_iPad = "UIInterfaceOrientationPortrait UIInterfaceOrientationPortraitUpsideDown UIInterfaceOrientationLandscapeLeft UIInterfaceOrientationLandscapeRight";
				INFOPLIST_KEY_UISupportedInterfaceOrientations_iPhone = "UIInterfaceOrientationPortrait UIInterfaceOrientationLandscapeLeft UIInterfaceOrientationLandscapeRight";
				LD_RUNPATH_SEARCH_PATHS = (
					"$(inherited)",
					"@executable_path/Frameworks",
				);
				MARKETING_VERSION = 1.0;
				PRODUCT_BUNDLE_IDENTIFIER = com.justinwong.AutoTask;
				PRODUCT_NAME = "$(TARGET_NAME)";
				SWIFT_EMIT_LOC_STRINGS = YES;
				SWIFT_VERSION = 5.0;
				TARGETED_DEVICE_FAMILY = "1,2";
			};
			name = Debug;
		};
		E897AC83283EF8940070EF9C /* Release */ = {
			isa = XCBuildConfiguration;
			buildSettings = {
				ASSETCATALOG_COMPILER_APPICON_NAME = AppIcon;
				ASSETCATALOG_COMPILER_GLOBAL_ACCENT_COLOR_NAME = AccentColor;
				CODE_SIGN_STYLE = Automatic;
				CURRENT_PROJECT_VERSION = 1;
				DEVELOPMENT_ASSET_PATHS = "\"AutoTask/Preview Content\"";
				DEVELOPMENT_TEAM = 2XN7A3Y7GG;
				ENABLE_PREVIEWS = YES;
				GENERATE_INFOPLIST_FILE = YES;
				INFOPLIST_KEY_UIApplicationSceneManifest_Generation = YES;
				INFOPLIST_KEY_UIApplicationSupportsIndirectInputEvents = YES;
				INFOPLIST_KEY_UILaunchScreen_Generation = YES;
				INFOPLIST_KEY_UISupportedInterfaceOrientations_iPad = "UIInterfaceOrientationPortrait UIInterfaceOrientationPortraitUpsideDown UIInterfaceOrientationLandscapeLeft UIInterfaceOrientationLandscapeRight";
				INFOPLIST_KEY_UISupportedInterfaceOrientations_iPhone = "UIInterfaceOrientationPortrait UIInterfaceOrientationLandscapeLeft UIInterfaceOrientationLandscapeRight";
				LD_RUNPATH_SEARCH_PATHS = (
					"$(inherited)",
					"@executable_path/Frameworks",
				);
				MARKETING_VERSION = 1.0;
				PRODUCT_BUNDLE_IDENTIFIER = com.justinwong.AutoTask;
				PRODUCT_NAME = "$(TARGET_NAME)";
				SWIFT_EMIT_LOC_STRINGS = YES;
				SWIFT_VERSION = 5.0;
				TARGETED_DEVICE_FAMILY = "1,2";
			};
			name = Release;
		};
/* End XCBuildConfiguration section */

/* Begin XCConfigurationList section */
		E897AC69283EF8910070EF9C /* Build configuration list for PBXProject "AutoTask" */ = {
			isa = XCConfigurationList;
			buildConfigurations = (
				E897AC7F283EF8940070EF9C /* Debug */,
				E897AC80283EF8940070EF9C /* Release */,
			);
			defaultConfigurationIsVisible = 0;
			defaultConfigurationName = Release;
		};
		E897AC81283EF8940070EF9C /* Build configuration list for PBXNativeTarget "AutoTask" */ = {
			isa = XCConfigurationList;
			buildConfigurations = (
				E897AC82283EF8940070EF9C /* Debug */,
				E897AC83283EF8940070EF9C /* Release */,
			);
			defaultConfigurationIsVisible = 0;
			defaultConfigurationName = Release;
		};
/* End XCConfigurationList section */

/* Begin XCVersionGroup section */
		E897AC7C283EF8940070EF9C /* AutoTask.xcdatamodeld */ = {
			isa = XCVersionGroup;
			children = (
				E897AC7D283EF8940070EF9C /* AutoTask.xcdatamodel */,
			);
			currentVersion = E897AC7D283EF8940070EF9C /* AutoTask.xcdatamodel */;
			path = AutoTask.xcdatamodeld;
			sourceTree = "<group>";
			versionGroupType = wrapper.xcdatamodel;
		};
/* End XCVersionGroup section */
	};
	rootObject = E897AC66283EF8910070EF9C /* Project object */;
}
